# THIS IS AN AUTOGENERATED FILE. DO NOT EDIT THIS FILE DIRECTLY.
# yarn lockfile v1


prettier-plugin-brace-style@^0.6.0:
  version "0.6.0"
  resolved "https://registry.yarnpkg.com/prettier-plugin-brace-style/-/prettier-plugin-brace-style-0.6.0.tgz#f7969eba99dc4d0d4f09f3aa40f86e97ac24e85f"
  integrity sha512-RtsjgBaR5YdKmWb6HCEiYF9mcovd3KcKHprJ81qpuxPBw0PE8yZhTH8Ed8Z+0/E3zwRPc1tRkMbyO9fFdxZR5A==

prettier@^3.2.5:
  version "3.2.5"
  resolved "https://registry.yarnpkg.com/prettier/-/prettier-3.2.5.tgz#e52bc3090586e824964a8813b09aba6233b28368"
  integrity sha512-3/GWa9aOC0YeD7LUfvOG2NiDyhOWRvt1k+rcKhOuYnMY24iiCphgneUfJDyFXd6rZCAnuLBv6UeAULtrhT/F4A==
